// !$*UTF8*$!
{
	archiveVersion = 1;
	classes = {
	};
	objectVersion = 56;
	objects = {

/* Begin PBXBuildFile section */
		A1B2C3D41AAA000100000001 /* GaiaControllerApp.swift in Sources */ = {isa = PBXBuildFile; fileRef = A1B2C3D31AAA000100000001 /* GaiaControllerApp.swift */; };
		A1B2C3D41AAA000100000002 /* ControllerRootView.swift in Sources */ = {isa = PBXBuildFile; fileRef = A1B2C3D31AAA000100000002 /* ControllerRootView.swift */; };
		A1B2C3D41AAA000100000003 /* ControllerStatusOverlay.swift in Sources */ = {isa = PBXBuildFile; fileRef = A1B2C3D31AAA000100000003 /* ControllerStatusOverlay.swift */; };
		A1B2C3D41AAA000100000004 /* ControllerViewModel.swift in Sources */ = {isa = PBXBuildFile; fileRef = A1B2C3D31AAA000100000004 /* ControllerViewModel.swift */; };
		A1B2C3D41AAA000100000005 /* SlideNotesView.swift in Sources */ = {isa = PBXBuildFile; fileRef = A1B2C3D31AAA000100000005 /* SlideNotesView.swift */; };
		A1B2C3D41AAA000100000006 /* SlideViewportView.swift in Sources */ = {isa = PBXBuildFile; fileRef = A1B2C3D31AAA000100000006 /* SlideViewportView.swift */; };
		A1B2C3D41AAA000100000007 /* DashboardViewModel.swift in Sources */ = {isa = PBXBuildFile; fileRef = A1B2C3D31AAA000100000007 /* DashboardViewModel.swift */; };
		A1B2C3D41AAA000100000008 /* DashboardRootView.swift in Sources */ = {isa = PBXBuildFile; fileRef = A1B2C3D31AAA000100000008 /* DashboardRootView.swift */; };
		A1B2C3D41AAA000100000009 /* ConnectionMonitorCard.swift in Sources */ = {isa = PBXBuildFile; fileRef = A1B2C3D31AAA000100000009 /* ConnectionMonitorCard.swift */; };
		A1B2C3D41AAA00010000000A /* ParticipantOverviewCard.swift in Sources */ = {isa = PBXBuildFile; fileRef = A1B2C3D31AAA00010000000A /* ParticipantOverviewCard.swift */; };
		A1B2C3D41AAA00010000000B /* SystemStatusCard.swift in Sources */ = {isa = PBXBuildFile; fileRef = A1B2C3D31AAA00010000000B /* SystemStatusCard.swift */; };
		A1B2C3D41AAA00010000000C /* DashboardState.swift in Sources */ = {isa = PBXBuildFile; fileRef = A1B2C3D31AAA00010000000C /* DashboardState.swift */; };
		A1B2C3D41AAA00010000000D /* DashboardDesignTokens.swift in Sources */ = {isa = PBXBuildFile; fileRef = A1B2C3D31AAA00010000000D /* DashboardDesignTokens.swift */; };
		A1B2C3D41AAA00010000000E /* SeminarStartPolicy.swift in Sources */ = {isa = PBXBuildFile; fileRef = A1B2C3D31AAA00010000000E /* SeminarStartPolicy.swift */; };
		A1B2C3D41AAA00010000000F /* UserSession.swift in Sources */ = {isa = PBXBuildFile; fileRef = A1B2C3D31AAA00010000000F /* UserSession.swift */; };
		A1B2C3D41AAA000100000010 /* RuntimeSessionState.swift in Sources */ = {isa = PBXBuildFile; fileRef = A1B2C3D31AAA000100000010 /* RuntimeSessionState.swift */; };
		A1B2C3D41AAA000100000011 /* ServiceCredential.swift in Sources */ = {isa = PBXBuildFile; fileRef = A1B2C3D31AAA000100000011 /* ServiceCredential.swift */; };
		A1B2C3D41AAA000100000012 /* AuthorizationRule.swift in Sources */ = {isa = PBXBuildFile; fileRef = A1B2C3D31AAA000100000012 /* AuthorizationRule.swift */; };
/* End PBXBuildFile section */

/* Begin PBXFileReference section */
		A1B2C3D21AAA000100000001 /* GaiaControllerApp.app */ = {isa = PBXFileReference; explicitFileType = wrapper.application; includeInIndex = 0; path = GaiaControllerApp.app; sourceTree = BUILT_PRODUCTS_DIR; };
		A1B2C3D31AAA000100000001 /* GaiaControllerApp.swift */ = {isa = PBXFileReference; lastKnownFileType = sourcecode.swift; name = GaiaControllerApp.swift; path = app/controller/GaiaControllerApp.swift; sourceTree = SOURCE_ROOT; };
		A1B2C3D31AAA000100000002 /* ControllerRootView.swift */ = {isa = PBXFileReference; lastKnownFileType = sourcecode.swift; name = ControllerRootView.swift; path = app/controller/ControllerRootView.swift; sourceTree = SOURCE_ROOT; };
		A1B2C3D31AAA000100000003 /* ControllerStatusOverlay.swift */ = {isa = PBXFileReference; lastKnownFileType = sourcecode.swift; name = ControllerStatusOverlay.swift; path = app/controller/ControllerStatusOverlay.swift; sourceTree = SOURCE_ROOT; };
		A1B2C3D31AAA000100000004 /* ControllerViewModel.swift */ = {isa = PBXFileReference; lastKnownFileType = sourcecode.swift; name = ControllerViewModel.swift; path = app/controller/ControllerViewModel.swift; sourceTree = SOURCE_ROOT; };
		A1B2C3D31AAA000100000005 /* SlideNotesView.swift */ = {isa = PBXFileReference; lastKnownFileType = sourcecode.swift; name = SlideNotesView.swift; path = app/controller/SlideNotesView.swift; sourceTree = SOURCE_ROOT; };
		A1B2C3D31AAA000100000006 /* SlideViewportView.swift */ = {isa = PBXFileReference; lastKnownFileType = sourcecode.swift; name = SlideViewportView.swift; path = app/controller/SlideViewportView.swift; sourceTree = SOURCE_ROOT; };
		A1B2C3D31AAA000100000007 /* DashboardViewModel.swift */ = {isa = PBXFileReference; lastKnownFileType = sourcecode.swift; name = DashboardViewModel.swift; path = app/controller/DashboardViewModel.swift; sourceTree = SOURCE_ROOT; };
		A1B2C3D31AAA000100000008 /* DashboardRootView.swift */ = {isa = PBXFileReference; lastKnownFileType = sourcecode.swift; name = DashboardRootView.swift; path = app/controller/DashboardRootView.swift; sourceTree = SOURCE_ROOT; };
		A1B2C3D31AAA000100000009 /* ConnectionMonitorCard.swift */ = {isa = PBXFileReference; lastKnownFileType = sourcecode.swift; name = ConnectionMonitorCard.swift; path = app/controller/ConnectionMonitorCard.swift; sourceTree = SOURCE_ROOT; };
		A1B2C3D31AAA00010000000A /* ParticipantOverviewCard.swift */ = {isa = PBXFileReference; lastKnownFileType = sourcecode.swift; name = ParticipantOverviewCard.swift; path = app/controller/ParticipantOverviewCard.swift; sourceTree = SOURCE_ROOT; };
		A1B2C3D31AAA00010000000B /* SystemStatusCard.swift */ = {isa = PBXFileReference; lastKnownFileType = sourcecode.swift; name = SystemStatusCard.swift; path = app/controller/SystemStatusCard.swift; sourceTree = SOURCE_ROOT; };
		A1B2C3D31AAA00010000000C /* DashboardState.swift */ = {isa = PBXFileReference; lastKnownFileType = sourcecode.swift; name = DashboardState.swift; path = Sources/GaiaCore/Dashboard/DashboardState.swift; sourceTree = SOURCE_ROOT; };
		A1B2C3D31AAA00010000000D /* DashboardDesignTokens.swift */ = {isa = PBXFileReference; lastKnownFileType = sourcecode.swift; name = DashboardDesignTokens.swift; path = Sources/GaiaCore/Design/DashboardDesignTokens.swift; sourceTree = SOURCE_ROOT; };
		A1B2C3D31AAA00010000000E /* SeminarStartPolicy.swift */ = {isa = PBXFileReference; lastKnownFileType = sourcecode.swift; name = SeminarStartPolicy.swift; path = Sources/GaiaCore/Dashboard/SeminarStartPolicy.swift; sourceTree = SOURCE_ROOT; };
		A1B2C3D31AAA00010000000F /* UserSession.swift */ = {isa = PBXFileReference; lastKnownFileType = sourcecode.swift; name = UserSession.swift; path = Sources/GaiaCore/Authentication/UserSession.swift; sourceTree = SOURCE_ROOT; };
		A1B2C3D31AAA000100000010 /* RuntimeSessionState.swift */ = {isa = PBXFileReference; lastKnownFileType = sourcecode.swift; name = RuntimeSessionState.swift; path = Sources/GaiaCore/Authentication/RuntimeSessionState.swift; sourceTree = SOURCE_ROOT; };
		A1B2C3D31AAA000100000011 /* ServiceCredential.swift */ = {isa = PBXFileReference; lastKnownFileType = sourcecode.swift; name = ServiceCredential.swift; path = Sources/GaiaCore/Authentication/ServiceCredential.swift; sourceTree = SOURCE_ROOT; };
		A1B2C3D31AAA000100000012 /* AuthorizationRule.swift */ = {isa = PBXFileReference; lastKnownFileType = sourcecode.swift; name = AuthorizationRule.swift; path = Sources/GaiaCore/Authentication/AuthorizationRule.swift; sourceTree = SOURCE_ROOT; };
/* End PBXFileReference section */

/* Begin PBXFrameworksBuildPhase section */
		A1B2C3D51AAA000100000001 /* Frameworks */ = {
			isa = PBXFrameworksBuildPhase;
			buildActionMask = 2147483647;
			files = (
			);
			runOnlyForDeploymentPostprocessing = 0;
		};
/* End PBXFrameworksBuildPhase section */

/* Begin PBXGroup section */
		A1B2C3D11AAA000100000001 = {
			isa = PBXGroup;
			children = (
				A1B2C3D11AAA000100000002 /* GaiaControllerApp */,
				A1B2C3D11AAA000100000004 /* GaiaCoreSources */,
				A1B2C3D11AAA000100000003 /* Products */,
			);
			sourceTree = "<group>";
		};
		A1B2C3D11AAA000100000002 /* GaiaControllerApp */ = {
			isa = PBXGroup;
			children = (
				A1B2C3D31AAA000100000001 /* GaiaControllerApp.swift */,
				A1B2C3D31AAA000100000002 /* ControllerRootView.swift */,
				A1B2C3D31AAA000100000003 /* ControllerStatusOverlay.swift */,
				A1B2C3D31AAA000100000004 /* ControllerViewModel.swift */,
				A1B2C3D31AAA000100000005 /* SlideNotesView.swift */,
				A1B2C3D31AAA000100000006 /* SlideViewportView.swift */,
				A1B2C3D31AAA000100000007 /* DashboardViewModel.swift */,
				A1B2C3D31AAA000100000008 /* DashboardRootView.swift */,
				A1B2C3D31AAA000100000009 /* ConnectionMonitorCard.swift */,
				A1B2C3D31AAA00010000000A /* ParticipantOverviewCard.swift */,
				A1B2C3D31AAA00010000000B /* SystemStatusCard.swift */,
			);
			path = GaiaControllerApp;
			sourceTree = "<group>";
		};
		A1B2C3D11AAA000100000003 /* Products */ = {
			isa = PBXGroup;
			children = (
				A1B2C3D21AAA000100000001 /* GaiaControllerApp.app */,
			);
			name = Products;
			sourceTree = "<group>";
		};
		A1B2C3D11AAA000100000004 /* GaiaCoreSources */ = {
			isa = PBXGroup;
			children = (
				A1B2C3D31AAA00010000000C /* DashboardState.swift */,
				A1B2C3D31AAA00010000000D /* DashboardDesignTokens.swift */,
				A1B2C3D31AAA00010000000E /* SeminarStartPolicy.swift */,
				A1B2C3D31AAA00010000000F /* UserSession.swift */,
				A1B2C3D31AAA000100000010 /* RuntimeSessionState.swift */,
				A1B2C3D31AAA000100000011 /* ServiceCredential.swift */,
				A1B2C3D31AAA000100000012 /* AuthorizationRule.swift */,
			);
			name = GaiaCoreSources;
			sourceTree = "<group>";
		};
/* End PBXGroup section */

/* Begin PBXNativeTarget section */
		A1B2C3D61AAA000100000001 /* GaiaControllerApp */ = {
			isa = PBXNativeTarget;
			buildConfigurationList = A1B2C3D71AAA000100000001 /* Build configuration list for PBXNativeTarget "GaiaControllerApp" */;
			buildPhases = (
				A1B2C3D51AAA000100000002 /* Sources */,
				A1B2C3D51AAA000100000001 /* Frameworks */,
				A1B2C3D51AAA000100000003 /* Resources */,
			);
			buildRules = (
			);
			dependencies = (
			);
			name = GaiaControllerApp;
			productName = GaiaControllerApp;
			productReference = A1B2C3D21AAA000100000001 /* GaiaControllerApp.app */;
			productType = "com.apple.product-type.application";
		};
/* End PBXNativeTarget section */

/* Begin PBXProject section */
		A1B2C3D01AAA000100000001 /* Project object */ = {
			isa = PBXProject;
			attributes = {
				BuildIndependentTargetsInParallel = 1;
				LastSwiftUpdateCheck = 1600;
				LastUpgradeCheck = 1600;
				TargetAttributes = {
					A1B2C3D61AAA000100000001 = {
						CreatedOnToolsVersion = 16.0;
					};
				};
			};
			buildConfigurationList = A1B2C3D71AAA000100000002 /* Build configuration list for PBXProject "GaiaControllerApp" */;
			compatibilityVersion = "Xcode 14.0";
			developmentRegion = en;
			hasScannedForEncodings = 0;
			knownRegions = (
				en,
				Base,
			);
			mainGroup = A1B2C3D11AAA000100000001;
			productRefGroup = A1B2C3D11AAA000100000003 /* Products */;
			projectDirPath = "";
			projectRoot = "";
			targets = (
				A1B2C3D61AAA000100000001 /* GaiaControllerApp */,
			);
		};
/* End PBXProject section */

/* Begin PBXResourcesBuildPhase section */
		A1B2C3D51AAA000100000003 /* Resources */ = {
			isa = PBXResourcesBuildPhase;
			buildActionMask = 2147483647;
			files = (
			);
			runOnlyForDeploymentPostprocessing = 0;
		};
/* End PBXResourcesBuildPhase section */

/* Begin PBXSourcesBuildPhase section */
		A1B2C3D51AAA000100000002 /* Sources */ = {
			isa = PBXSourcesBuildPhase;
			buildActionMask = 2147483647;
			files = (
				A1B2C3D41AAA000100000001 /* GaiaControllerApp.swift in Sources */,
				A1B2C3D41AAA000100000002 /* ControllerRootView.swift in Sources */,
				A1B2C3D41AAA000100000003 /* ControllerStatusOverlay.swift in Sources */,
				A1B2C3D41AAA000100000004 /* ControllerViewModel.swift in Sources */,
				A1B2C3D41AAA000100000005 /* SlideNotesView.swift in Sources */,
				A1B2C3D41AAA000100000006 /* SlideViewportView.swift in Sources */,
				A1B2C3D41AAA000100000007 /* DashboardViewModel.swift in Sources */,
				A1B2C3D41AAA000100000008 /* DashboardRootView.swift in Sources */,
				A1B2C3D41AAA000100000009 /* ConnectionMonitorCard.swift in Sources */,
				A1B2C3D41AAA00010000000A /* ParticipantOverviewCard.swift in Sources */,
				A1B2C3D41AAA00010000000B /* SystemStatusCard.swift in Sources */,
				A1B2C3D41AAA00010000000C /* DashboardState.swift in Sources */,
				A1B2C3D41AAA00010000000D /* DashboardDesignTokens.swift in Sources */,
				A1B2C3D41AAA00010000000E /* SeminarStartPolicy.swift in Sources */,
				A1B2C3D41AAA00010000000F /* UserSession.swift in Sources */,
				A1B2C3D41AAA000100000010 /* RuntimeSessionState.swift in Sources */,
				A1B2C3D41AAA000100000011 /* ServiceCredential.swift in Sources */,
				A1B2C3D41AAA000100000012 /* AuthorizationRule.swift in Sources */,
			);
			runOnlyForDeploymentPostprocessing = 0;
		};
/* End PBXSourcesBuildPhase section */

/* Begin XCBuildConfiguration section */
		A1B2C3D81AAA000100000001 /* Debug */ = {
			isa = XCBuildConfiguration;
			buildSettings = {
				CODE_SIGN_STYLE = Manual;
				CODE_SIGNING_ALLOWED = NO;
				CODE_SIGNING_REQUIRED = NO;
				CURRENT_PROJECT_VERSION = 1;
				ENABLE_DEBUG_DYLIB = NO;
				GENERATE_INFOPLIST_FILE = YES;
				INFOPLIST_KEY_UILaunchScreen_Generation = YES;
				INFOPLIST_KEY_UISupportedInterfaceOrientations_iPad = "UIInterfaceOrientationLandscapeLeft UIInterfaceOrientationLandscapeRight";
				LD_RUNPATH_SEARCH_PATHS = (
					"$(inherited)",
					"@executable_path/Frameworks",
				);
				MARKETING_VERSION = 1.0;
				PRODUCT_BUNDLE_IDENTIFIER = com.laparo.GaiaControllerApp;
				PRODUCT_NAME = "$(TARGET_NAME)";
				SDKROOT = iphoneos;
				SUPPORTED_PLATFORMS = "iphoneos iphonesimulator";
				SWIFT_EMIT_LOC_STRINGS = YES;
				SWIFT_VERSION = 5.0;
				TARGETED_DEVICE_FAMILY = 2;
			};
			name = Debug;
		};
		A1B2C3D81AAA000100000002 /* Release */ = {
			isa = XCBuildConfiguration;
			buildSettings = {
				CODE_SIGNING_ALLOWED = NO;
				CODE_SIGNING_REQUIRED = NO;
				CURRENT_PROJECT_VERSION = 1;
				ENABLE_DEBUG_DYLIB = NO;
				GENERATE_INFOPLIST_FILE = YES;
				INFOPLIST_KEY_UILaunchScreen_Generation = YES;
				INFOPLIST_KEY_UISupportedInterfaceOrientations_iPad = "UIInterfaceOrientationLandscapeLeft UIInterfaceOrientationLandscapeRight";
				LD_RUNPATH_SEARCH_PATHS = (
					"$(inherited)",
					"@executable_path/Frameworks",
				);
				MARKETING_VERSION = 1.0;
				ONLY_ACTIVE_ARCH = NO;
				PRODUCT_BUNDLE_IDENTIFIER = com.laparo.GaiaControllerApp;
				PRODUCT_NAME = "$(TARGET_NAME)";
				SDKROOT = iphoneos;
				SUPPORTED_PLATFORMS = "iphoneos iphonesimulator";
				SWIFT_EMIT_LOC_STRINGS = YES;
				SWIFT_VERSION = 5.0;
				TARGETED_DEVICE_FAMILY = 2;
			};
			name = Release;
		};
		A1B2C3D81AAA000100000003 /* Debug */ = {
			isa = XCBuildConfiguration;
			buildSettings = {
				ALWAYS_SEARCH_USER_PATHS = NO;
				CLANG_ENABLE_MODULES = YES;
				CLANG_ENABLE_OBJC_ARC = YES;
				CLANG_WARN_BLOCK_CAPTURE_AUTORELEASING = YES;
				CLANG_WARN_BOOL_CONVERSION = YES;
				CLANG_WARN_COMMA = YES;
				CLANG_WARN_CONSTANT_CONVERSION = YES;
				CLANG_WARN_DEPRECATED_OBJC_IMPLEMENTATIONS = YES;
				CLANG_WARN_DIRECT_OBJC_ISA_USAGE = YES_ERROR;
				CLANG_WARN_DOCUMENTATION_COMMENTS = YES;
				CLANG_WARN_EMPTY_BODY = YES;
				CLANG_WARN_ENUM_CONVERSION = YES;
				CLANG_WARN_INFINITE_RECURSION = YES;
				CLANG_WARN_INT_CONVERSION = YES;
				CLANG_WARN_NON_LITERAL_NULL_CONVERSION = YES;
				CLANG_WARN_OBJC_IMPLICIT_RETAIN_SELF = YES;
				CLANG_WARN_OBJC_LITERAL_CONVERSION = YES;
				CLANG_WARN_OBJC_ROOT_CLASS = YES_ERROR;
				CLANG_WARN_QUOTED_INCLUDE_IN_FRAMEWORK_HEADER = YES;
				CLANG_WARN_RANGE_LOOP_ANALYSIS = YES;
				CLANG_WARN_STRICT_PROTOTYPES = YES;
				CLANG_WARN_SUSPICIOUS_MOVE = YES;
				CLANG_WARN_UNGUARDED_AVAILABILITY = YES_AGGRESSIVE;
				CLANG_WARN_UNREACHABLE_CODE = YES;
				CLANG_WARN__DUPLICATE_METHOD_MATCH = YES;
				CODE_SIGN_STYLE = Automatic;
				COPY_PHASE_STRIP = NO;
				DEBUG_INFORMATION_FORMAT = dwarf;
				ENABLE_STRICT_OBJC_MSGSEND = YES;
				ENABLE_TESTABILITY = YES;
				GCC_C_LANGUAGE_STANDARD = gnu17;
				GCC_DYNAMIC_NO_PIC = NO;
				GCC_NO_COMMON_BLOCKS = YES;
				GCC_OPTIMIZATION_LEVEL = 0;
				GCC_PREPROCESSOR_DEFINITIONS = (
					"DEBUG=1",
					"$(inherited)",
				);
				GCC_WARN_64_TO_32_BIT_CONVERSION = YES;
				GCC_WARN_ABOUT_RETURN_TYPE = YES_ERROR;
				GCC_WARN_UNDECLARED_SELECTOR = YES;
				GCC_WARN_UNINITIALIZED_AUTOS = YES_AGGRESSIVE;
				GCC_WARN_UNUSED_FUNCTION = YES;
				GCC_WARN_UNUSED_VARIABLE = YES;
				IPHONEOS_DEPLOYMENT_TARGET = 17.0;
				MTL_ENABLE_DEBUG_INFO = INCLUDE_SOURCE;
				MTL_FAST_MATH = YES;
				ONLY_ACTIVE_ARCH = YES;
				SDKROOT = iphoneos;
				SWIFT_OPTIMIZATION_LEVEL = "-Onone";
			};
			name = Debug;
		};
		A1B2C3D81AAA000100000004 /* Release */ = {
			isa = XCBuildConfiguration;
			buildSettings = {
				ALWAYS_SEARCH_USER_PATHS = NO;
				CLANG_ENABLE_MODULES = YES;
				CLANG_ENABLE_OBJC_ARC = YES;
				CLANG_WARN_BLOCK_CAPTURE_AUTORELEASING = YES;
				CLANG_WARN_BOOL_CONVERSION = YES;
				CLANG_WARN_COMMA = YES;
				CLANG_WARN_CONSTANT_CONVERSION = YES;
				CLANG_WARN_DEPRECATED_OBJC_IMPLEMENTATIONS = YES;
				CLANG_WARN_DIRECT_OBJC_ISA_USAGE = YES_ERROR;
				CLANG_WARN_DOCUMENTATION_COMMENTS = YES;
				CLANG_WARN_EMPTY_BODY = YES;
				CLANG_WARN_ENUM_CONVERSION = YES;
				CLANG_WARN_INFINITE_RECURSION = YES;
				CLANG_WARN_INT_CONVERSION = YES;
				CLANG_WARN_NON_LITERAL_NULL_CONVERSION = YES;
				CLANG_WARN_OBJC_IMPLICIT_RETAIN_SELF = YES;
				CLANG_WARN_OBJC_LITERAL_CONVERSION = YES;
				CLANG_WARN_OBJC_ROOT_CLASS = YES_ERROR;
				CLANG_WARN_QUOTED_INCLUDE_IN_FRAMEWORK_HEADER = YES;
				CLANG_WARN_RANGE_LOOP_ANALYSIS = YES;
				CLANG_WARN_STRICT_PROTOTYPES = YES;
				CLANG_WARN_SUSPICIOUS_MOVE = YES;
				CLANG_WARN_UNGUARDED_AVAILABILITY = YES_AGGRESSIVE;
				CLANG_WARN_UNREACHABLE_CODE = YES;
				CLANG_WARN__DUPLICATE_METHOD_MATCH = YES;
				CODE_SIGN_STYLE = Automatic;
				COPY_PHASE_STRIP = NO;
				DEBUG_INFORMATION_FORMAT = "dwarf-with-dsym";
				ENABLE_NS_ASSERTIONS = NO;
				ENABLE_STRICT_OBJC_MSGSEND = YES;
				GCC_C_LANGUAGE_STANDARD = gnu17;
				GCC_NO_COMMON_BLOCKS = YES;
				GCC_WARN_64_TO_32_BIT_CONVERSION = YES;
				GCC_WARN_ABOUT_RETURN_TYPE = YES_ERROR;
				GCC_WARN_UNDECLARED_SELECTOR = YES;
				GCC_WARN_UNINITIALIZED_AUTOS = YES_AGGRESSIVE;
				GCC_WARN_UNUSED_FUNCTION = YES;
				GCC_WARN_UNUSED_VARIABLE = YES;
				IPHONEOS_DEPLOYMENT_TARGET = 17.0;
				MTL_ENABLE_DEBUG_INFO = NO;
				MTL_FAST_MATH = YES;
				ONLY_ACTIVE_ARCH = NO;
				SDKROOT = iphoneos;
				SWIFT_COMPILATION_MODE = wholemodule;
				SWIFT_OPTIMIZATION_LEVEL = "-O";
				VALIDATE_PRODUCT = YES;
			};
			name = Release;
		};
/* End XCBuildConfiguration section */

/* Begin XCConfigurationList section */
		A1B2C3D71AAA000100000001 /* Build configuration list for PBXNativeTarget "GaiaControllerApp" */ = {
			isa = XCConfigurationList;
			buildConfigurations = (
				A1B2C3D81AAA000100000001 /* Debug */,
				A1B2C3D81AAA000100000002 /* Release */,
			);
			defaultConfigurationIsVisible = 0;
			defaultConfigurationName = Release;
		};
		A1B2C3D71AAA000100000002 /* Build configuration list for PBXProject "GaiaControllerApp" */ = {
			isa = XCConfigurationList;
			buildConfigurations = (
				A1B2C3D81AAA000100000003 /* Debug */,
				A1B2C3D81AAA000100000004 /* Release */,
			);
			defaultConfigurationIsVisible = 0;
			defaultConfigurationName = Release;
		};
/* End XCConfigurationList section */
	};
	rootObject = A1B2C3D01AAA000100000001 /* Project object */;
}
